
Microsoft Visual Studio Solution File, Format Version 12.00
Project("{FAE04EC0-301F-11D3-BF4B-00C04F79EFBC}") = "RSOpracAPP", "RSOpracAPP.csproj", "{EADB4FB8-9E1B-4DA3-B331-0A2AFB79E4E6}"
EndProject
Global
	GlobalSection(SolutionConfigurationPlatforms) = preSolution
		Debug|Any CPU = Debug|Any CPU
		Release|Any CPU = Release|Any CPU
	EndGlobalSection
	GlobalSection(ProjectConfigurationPlatforms) = postSolution
		{EADB4FB8-9E1B-4DA3-B331-0A2AFB79E4E6}.Debug|Any CPU.ActiveCfg = Debug|Any CPU
		{EADB4FB8-9E1B-4DA3-B331-0A2AFB79E4E6}.Debug|Any CPU.Build.0 = Debug|Any CPU
		{EADB4FB8-9E1B-4DA3-B331-0A2AFB79E4E6}.Release|Any CPU.ActiveCfg = Release|Any CPU
		{EADB4FB8-9E1B-4DA3-B331-0A2AFB79E4E6}.Release|Any CPU.Build.0 = Release|Any CPU
	EndGlobalSection
EndGlobal
